
Microsoft Visual Studio Solution File, Format Version 12.00
# Visual Studio Version 16
VisualStudioVersion = 16.0.31205.134
MinimumVisualStudioVersion = 10.0.40219.1
Project("{FAE04EC0-301F-11D3-BF4B-00C04F79EFBC}") = "hamrobikepasal.com", "hamrobikepasal.com\hamrobikepasal.com.csproj", "{993A10AB-06AA-4899-AC37-D1B81044D008}"
EndProject
Global
	GlobalSection(SolutionConfigurationPlatforms) = preSolution
		Debug|Any CPU = Debug|Any CPU
		Release|Any CPU = Release|Any CPU
	EndGlobalSection
	GlobalSection(ProjectConfigurationPlatforms) = postSolution
		{993A10AB-06AA-4899-AC37-D1B81044D008}.Debug|Any CPU.ActiveCfg = Debug|Any CPU
		{993A10AB-06AA-4899-AC37-D1B81044D008}.Debug|Any CPU.Build.0 = Debug|Any CPU
		{993A10AB-06AA-4899-AC37-D1B81044D008}.Release|Any CPU.ActiveCfg = Release|Any CPU
		{993A10AB-06AA-4899-AC37-D1B81044D008}.Release|Any CPU.Build.0 = Release|Any CPU
	EndGlobalSection
	GlobalSection(SolutionProperties) = preSolution
		HideSolutionNode = FALSE
	EndGlobalSection
	GlobalSection(ExtensibilityGlobals) = postSolution
		SolutionGuid = {69C9F041-4167-4998-8628-0884E6D1283C}
	EndGlobalSection
EndGlobal
